
Microsoft Visual Studio Solution File, Format Version 12.00
# Visual Studio Version 17
VisualStudioVersion = 17.4.33205.214
MinimumVisualStudioVersion = 10.0.40219.1
Project("{FAE04EC0-301F-11D3-BF4B-00C04F79EFBC}") = "CRMExampleTest", "CRMExampleTest\CRMExampleTest.csproj", "{273F785E-79FE-407A-9460-A0C65BFF4E03}"
EndProject
Project("{2150E333-8FDC-42A3-9474-1A3956D46DE8}") = "Test", "Test", "{8728151F-B1FB-4EC1-B666-6C53EA20950A}"
EndProject
Project("{2150E333-8FDC-42A3-9474-1A3956D46DE8}") = "CRMExampleSoluction", "CRMExampleSoluction", "{C3BE4653-C067-4488-A95E-D458AF92E005}"
EndProject
Project("{FAE04EC0-301F-11D3-BF4B-00C04F79EFBC}") = "CRMExampleRepository", "CRMExampleRepository\CRMExampleRepository.csproj", "{688F5FB8-D743-489A-8CDD-3974711177A7}"
EndProject
Project("{FAE04EC0-301F-11D3-BF4B-00C04F79EFBC}") = "CRMExampleEntities", "CRMExampleEntities\CRMExampleEntities.csproj", "{F4376113-6E69-4D4D-9CC4-2931F3E8C7C9}"
EndProject
Global
	GlobalSection(SolutionConfigurationPlatforms) = preSolution
		Debug|Any CPU = Debug|Any CPU
		Release|Any CPU = Release|Any CPU
	EndGlobalSection
	GlobalSection(ProjectConfigurationPlatforms) = postSolution
		{273F785E-79FE-407A-9460-A0C65BFF4E03}.Debug|Any CPU.ActiveCfg = Debug|Any CPU
		{273F785E-79FE-407A-9460-A0C65BFF4E03}.Debug|Any CPU.Build.0 = Debug|Any CPU
		{273F785E-79FE-407A-9460-A0C65BFF4E03}.Release|Any CPU.ActiveCfg = Release|Any CPU
		{273F785E-79FE-407A-9460-A0C65BFF4E03}.Release|Any CPU.Build.0 = Release|Any CPU
		{688F5FB8-D743-489A-8CDD-3974711177A7}.Debug|Any CPU.ActiveCfg = Debug|Any CPU
		{688F5FB8-D743-489A-8CDD-3974711177A7}.Debug|Any CPU.Build.0 = Debug|Any CPU
		{688F5FB8-D743-489A-8CDD-3974711177A7}.Release|Any CPU.ActiveCfg = Release|Any CPU
		{688F5FB8-D743-489A-8CDD-3974711177A7}.Release|Any CPU.Build.0 = Release|Any CPU
		{F4376113-6E69-4D4D-9CC4-2931F3E8C7C9}.Debug|Any CPU.ActiveCfg = Debug|Any CPU
		{F4376113-6E69-4D4D-9CC4-2931F3E8C7C9}.Debug|Any CPU.Build.0 = Debug|Any CPU
		{F4376113-6E69-4D4D-9CC4-2931F3E8C7C9}.Release|Any CPU.ActiveCfg = Release|Any CPU
		{F4376113-6E69-4D4D-9CC4-2931F3E8C7C9}.Release|Any CPU.Build.0 = Release|Any CPU
	EndGlobalSection
	GlobalSection(SolutionProperties) = preSolution
		HideSolutionNode = FALSE
	EndGlobalSection
	GlobalSection(NestedProjects) = preSolution
		{273F785E-79FE-407A-9460-A0C65BFF4E03} = {8728151F-B1FB-4EC1-B666-6C53EA20950A}
		{688F5FB8-D743-489A-8CDD-3974711177A7} = {C3BE4653-C067-4488-A95E-D458AF92E005}
		{F4376113-6E69-4D4D-9CC4-2931F3E8C7C9} = {C3BE4653-C067-4488-A95E-D458AF92E005}
	EndGlobalSection
	GlobalSection(ExtensibilityGlobals) = postSolution
		SolutionGuid = {63985BF2-9C42-41E0-B79E-50F2A44360DD}
	EndGlobalSection
EndGlobal
